
Microsoft Visual Studio Solution File, Format Version 12.00
# Visual Studio 15
VisualStudioVersion = 15.0.28307.1145
MinimumVisualStudioVersion = 10.0.40219.1
Project("{8BC9CEB8-8B4A-11D0-8D11-00A0C91BC942}") = "01.03.1 Doubly Linked List", "01.03.1 Doubly Linked List\01.03.1 Doubly Linked List.vcxproj", "{3A912C67-C220-4E01-81FE-C2A56DD78108}"
EndProject
Project("{8BC9CEB8-8B4A-11D0-8D11-00A0C91BC942}") = "01.01.1 Sequence List", "01.01.1 Sequence List\01.01.1  Sequence List.vcxproj", "{6CFA97E5-159A-48BC-BA93-19FD2F6B5A51}"
EndProject
Project("{8BC9CEB8-8B4A-11D0-8D11-00A0C91BC942}") = "01.02.1 Singly Linked List", "01.02.1 Singly Linked List\01.02.1 Singly Linked List.vcxproj", "{0022FA20-DBBC-4098-94B3-ABAA02198D25}"
EndProject
Global
	GlobalSection(SolutionConfigurationPlatforms) = preSolution
		Debug|x64 = Debug|x64
		Debug|x86 = Debug|x86
		Release|x64 = Release|x64
		Release|x86 = Release|x86
	EndGlobalSection
	GlobalSection(ProjectConfigurationPlatforms) = postSolution
		{3A912C67-C220-4E01-81FE-C2A56DD78108}.Debug|x64.ActiveCfg = Debug|Win32
		{3A912C67-C220-4E01-81FE-C2A56DD78108}.Debug|x64.Build.0 = Debug|Win32
		{3A912C67-C220-4E01-81FE-C2A56DD78108}.Debug|x86.ActiveCfg = Debug|x64
		{3A912C67-C220-4E01-81FE-C2A56DD78108}.Debug|x86.Build.0 = Debug|x64
		{3A912C67-C220-4E01-81FE-C2A56DD78108}.Release|x64.ActiveCfg = Release|x64
		{3A912C67-C220-4E01-81FE-C2A56DD78108}.Release|x64.Build.0 = Release|x64
		{3A912C67-C220-4E01-81FE-C2A56DD78108}.Release|x86.ActiveCfg = Release|Win32
		{3A912C67-C220-4E01-81FE-C2A56DD78108}.Release|x86.Build.0 = Release|Win32
		{6CFA97E5-159A-48BC-BA93-19FD2F6B5A51}.Debug|x64.ActiveCfg = Debug|x64
		{6CFA97E5-159A-48BC-BA93-19FD2F6B5A51}.Debug|x64.Build.0 = Debug|x64
		{6CFA97E5-159A-48BC-BA93-19FD2F6B5A51}.Debug|x86.ActiveCfg = Debug|Win32
		{6CFA97E5-159A-48BC-BA93-19FD2F6B5A51}.Debug|x86.Build.0 = Debug|Win32
		{6CFA97E5-159A-48BC-BA93-19FD2F6B5A51}.Release|x64.ActiveCfg = Release|x64
		{6CFA97E5-159A-48BC-BA93-19FD2F6B5A51}.Release|x64.Build.0 = Release|x64
		{6CFA97E5-159A-48BC-BA93-19FD2F6B5A51}.Release|x86.ActiveCfg = Release|Win32
		{6CFA97E5-159A-48BC-BA93-19FD2F6B5A51}.Release|x86.Build.0 = Release|Win32
		{0022FA20-DBBC-4098-94B3-ABAA02198D25}.Debug|x64.ActiveCfg = Debug|x64
		{0022FA20-DBBC-4098-94B3-ABAA02198D25}.Debug|x64.Build.0 = Debug|x64
		{0022FA20-DBBC-4098-94B3-ABAA02198D25}.Debug|x86.ActiveCfg = Debug|Win32
		{0022FA20-DBBC-4098-94B3-ABAA02198D25}.Debug|x86.Build.0 = Debug|Win32
		{0022FA20-DBBC-4098-94B3-ABAA02198D25}.Release|x64.ActiveCfg = Release|x64
		{0022FA20-DBBC-4098-94B3-ABAA02198D25}.Release|x64.Build.0 = Release|x64
		{0022FA20-DBBC-4098-94B3-ABAA02198D25}.Release|x86.ActiveCfg = Release|Win32
		{0022FA20-DBBC-4098-94B3-ABAA02198D25}.Release|x86.Build.0 = Release|Win32
	EndGlobalSection
	GlobalSection(SolutionProperties) = preSolution
		HideSolutionNode = FALSE
	EndGlobalSection
	GlobalSection(ExtensibilityGlobals) = postSolution
		SolutionGuid = {E95C7216-3388-456C-86AB-0F9EBE5EAAE7}
	EndGlobalSection
EndGlobal
